
Microsoft Visual Studio Solution File, Format Version 12.00
# Visual Studio 15
VisualStudioVersion = 15.0.27130.2003
MinimumVisualStudioVersion = 10.0.40219.1
Project("{FAE04EC0-301F-11D3-BF4B-00C04F79EFBC}") = "ImageResizer.Android", "ImageResizer\ImageResizer.Android\ImageResizer.Android.csproj", "{55B96666-2BBA-43AB-ABF1-1C083FBFCD77}"
EndProject
Project("{FAE04EC0-301F-11D3-BF4B-00C04F79EFBC}") = "ImageResizer.iOS", "ImageResizer\ImageResizer.iOS\ImageResizer.iOS.csproj", "{F5967008-1CD4-45DA-9A57-CF90CB3DB018}"
EndProject
Project("{FAE04EC0-301F-11D3-BF4B-00C04F79EFBC}") = "ImageResizer.UWP", "ImageResizer\ImageResizer.UWP\ImageResizer.UWP.csproj", "{8600922F-6117-4717-9D45-DD8F03D4043B}"
EndProject
Project("{FAE04EC0-301F-11D3-BF4B-00C04F79EFBC}") = "ImageResizer", "ImageResizer\ImageResizer\ImageResizer.csproj", "{28A1542D-5FBD-4544-A1DF-C3BC4F089055}"
EndProject
Global
	GlobalSection(SolutionConfigurationPlatforms) = preSolution
		Ad-Hoc|Any CPU = Ad-Hoc|Any CPU
		Ad-Hoc|ARM = Ad-Hoc|ARM
		Ad-Hoc|iPhone = Ad-Hoc|iPhone
		Ad-Hoc|iPhoneSimulator = Ad-Hoc|iPhoneSimulator
		Ad-Hoc|x64 = Ad-Hoc|x64
		Ad-Hoc|x86 = Ad-Hoc|x86
		AppStore|Any CPU = AppStore|Any CPU
		AppStore|ARM = AppStore|ARM
		AppStore|iPhone = AppStore|iPhone
		AppStore|iPhoneSimulator = AppStore|iPhoneSimulator
		AppStore|x64 = AppStore|x64
		AppStore|x86 = AppStore|x86
		Debug|Any CPU = Debug|Any CPU
		Debug|ARM = Debug|ARM
		Debug|iPhone = Debug|iPhone
		Debug|iPhoneSimulator = Debug|iPhoneSimulator
		Debug|x64 = Debug|x64
		Debug|x86 = Debug|x86
		Release|Any CPU = Release|Any CPU
		Release|ARM = Release|ARM
		Release|iPhone = Release|iPhone
		Release|iPhoneSimulator = Release|iPhoneSimulator
		Release|x64 = Release|x64
		Release|x86 = Release|x86
	EndGlobalSection
	GlobalSection(ProjectConfigurationPlatforms) = postSolution
		{55B96666-2BBA-43AB-ABF1-1C083FBFCD77}.Ad-Hoc|Any CPU.ActiveCfg = Release|Any CPU
		{55B96666-2BBA-43AB-ABF1-1C083FBFCD77}.Ad-Hoc|Any CPU.Build.0 = Release|Any CPU
		{55B96666-2BBA-43AB-ABF1-1C083FBFCD77}.Ad-Hoc|Any CPU.Deploy.0 = Release|Any CPU
		{55B96666-2BBA-43AB-ABF1-1C083FBFCD77}.Ad-Hoc|ARM.ActiveCfg = Release|Any CPU
		{55B96666-2BBA-43AB-ABF1-1C083FBFCD77}.Ad-Hoc|ARM.Build.0 = Release|Any CPU
		{55B96666-2BBA-43AB-ABF1-1C083FBFCD77}.Ad-Hoc|ARM.Deploy.0 = Release|Any CPU
		{55B96666-2BBA-43AB-ABF1-1C083FBFCD77}.Ad-Hoc|iPhone.ActiveCfg = Release|Any CPU
		{55B96666-2BBA-43AB-ABF1-1C083FBFCD77}.Ad-Hoc|iPhone.Build.0 = Release|Any CPU
		{55B96666-2BBA-43AB-ABF1-1C083FBFCD77}.Ad-Hoc|iPhone.Deploy.0 = Release|Any CPU
		{55B96666-2BBA-43AB-ABF1-1C083FBFCD77}.Ad-Hoc|iPhoneSimulator.ActiveCfg = Release|Any CPU
		{55B96666-2BBA-43AB-ABF1-1C083FBFCD77}.Ad-Hoc|iPhoneSimulator.Build.0 = Release|Any CPU
		{55B96666-2BBA-43AB-ABF1-1C083FBFCD77}.Ad-Hoc|iPhoneSimulator.Deploy.0 = Release|Any CPU
		{55B96666-2BBA-43AB-ABF1-1C083FBFCD77}.Ad-Hoc|x64.ActiveCfg = Release|Any CPU
		{55B96666-2BBA-43AB-ABF1-1C083FBFCD77}.Ad-Hoc|x64.Build.0 = Release|Any CPU
		{55B96666-2BBA-43AB-ABF1-1C083FBFCD77}.Ad-Hoc|x64.Deploy.0 = Release|Any CPU
		{55B96666-2BBA-43AB-ABF1-1C083FBFCD77}.Ad-Hoc|x86.ActiveCfg = Release|Any CPU
		{55B96666-2BBA-43AB-ABF1-1C083FBFCD77}.Ad-Hoc|x86.Build.0 = Release|Any CPU
		{55B96666-2BBA-43AB-ABF1-1C083FBFCD77}.Ad-Hoc|x86.Deploy.0 = Release|Any CPU
		{55B96666-2BBA-43AB-ABF1-1C083FBFCD77}.AppStore|Any CPU.ActiveCfg = Release|Any CPU
		{55B96666-2BBA-43AB-ABF1-1C083FBFCD77}.AppStore|Any CPU.Build.0 = Release|Any CPU
		{55B96666-2BBA-43AB-ABF1-1C083FBFCD77}.AppStore|Any CPU.Deploy.0 = Release|Any CPU
		{55B96666-2BBA-43AB-ABF1-1C083FBFCD77}.AppStore|ARM.ActiveCfg = Release|Any CPU
		{55B96666-2BBA-43AB-ABF1-1C083FBFCD77}.AppStore|ARM.Build.0 = Release|Any CPU
		{55B96666-2BBA-43AB-ABF1-1C083FBFCD77}.AppStore|ARM.Deploy.0 = Release|Any CPU
		{55B96666-2BBA-43AB-ABF1-1C083FBFCD77}.AppStore|iPhone.ActiveCfg = Release|Any CPU
		{55B96666-2BBA-43AB-ABF1-1C083FBFCD77}.AppStore|iPhone.Build.0 = Release|Any CPU
		{55B96666-2BBA-43AB-ABF1-1C083FBFCD77}.AppStore|iPhone.Deploy.0 = Release|Any CPU
		{55B96666-2BBA-43AB-ABF1-1C083FBFCD77}.AppStore|iPhoneSimulator.ActiveCfg = Release|Any CPU
		{55B96666-2BBA-43AB-ABF1-1C083FBFCD77}.AppStore|iPhoneSimulator.Build.0 = Release|Any CPU
		{55B96666-2BBA-43AB-ABF1-1C083FBFCD77}.AppStore|iPhoneSimulator.Deploy.0 = Release|Any CPU
		{55B96666-2BBA-43AB-ABF1-1C083FBFCD77}.AppStore|x64.ActiveCfg = Release|Any CPU
		{55B96666-2BBA-43AB-ABF1-1C083FBFCD77}.AppStore|x64.Build.0 = Release|Any CPU
		{55B96666-2BBA-43AB-ABF1-1C083FBFCD77}.AppStore|x64.Deploy.0 = Release|Any CPU
		{55B96666-2BBA-43AB-ABF1-1C083FBFCD77}.AppStore|x86.ActiveCfg = Release|Any CPU
		{55B96666-2BBA-43AB-ABF1-1C083FBFCD77}.AppStore|x86.Build.0 = Release|Any CPU
		{55B96666-2BBA-43AB-ABF1-1C083FBFCD77}.AppStore|x86.Deploy.0 = Release|Any CPU
		{55B96666-2BBA-43AB-ABF1-1C083FBFCD77}.Debug|Any CPU.ActiveCfg = Debug|Any CPU
		{55B96666-2BBA-43AB-ABF1-1C083FBFCD77}.Debug|Any CPU.Build.0 = Debug|Any CPU
		{55B96666-2BBA-43AB-ABF1-1C083FBFCD77}.Debug|Any CPU.Deploy.0 = Debug|Any CPU
		{55B96666-2BBA-43AB-ABF1-1C083FBFCD77}.Debug|ARM.ActiveCfg = Debug|Any CPU
		{55B96666-2BBA-43AB-ABF1-1C083FBFCD77}.Debug|ARM.Build.0 = Debug|Any CPU
		{55B96666-2BBA-43AB-ABF1-1C083FBFCD77}.Debug|ARM.Deploy.0 = Debug|Any CPU
		{55B96666-2BBA-43AB-ABF1-1C083FBFCD77}.Debug|iPhone.ActiveCfg = Debug|Any CPU
		{55B96666-2BBA-43AB-ABF1-1C083FBFCD77}.Debug|iPhone.Build.0 = Debug|Any CPU
		{55B96666-2BBA-43AB-ABF1-1C083FBFCD77}.Debug|iPhone.Deploy.0 = Debug|Any CPU
		{55B96666-2BBA-43AB-ABF1-1C083FBFCD77}.Debug|iPhoneSimulator.ActiveCfg = Debug|Any CPU
		{55B96666-2BBA-43AB-ABF1-1C083FBFCD77}.Debug|iPhoneSimulator.Build.0 = Debug|Any CPU
		{55B96666-2BBA-43AB-ABF1-1C083FBFCD77}.Debug|iPhoneSimulator.Deploy.0 = Debug|Any CPU
		{55B96666-2BBA-43AB-ABF1-1C083FBFCD77}.Debug|x64.ActiveCfg = Debug|Any CPU
		{55B96666-2BBA-43AB-ABF1-1C083FBFCD77}.Debug|x64.Build.0 = Debug|Any CPU
		{55B96666-2BBA-43AB-ABF1-1C083FBFCD77}.Debug|x64.Deploy.0 = Debug|Any CPU
		{55B96666-2BBA-43AB-ABF1-1C083FBFCD77}.Debug|x86.ActiveCfg = Debug|Any CPU
		{55B96666-2BBA-43AB-ABF1-1C083FBFCD77}.Debug|x86.Build.0 = Debug|Any CPU
		{55B96666-2BBA-43AB-ABF1-1C083FBFCD77}.Debug|x86.Deploy.0 = Debug|Any CPU
		{55B96666-2BBA-43AB-ABF1-1C083FBFCD77}.Release|Any CPU.ActiveCfg = Release|Any CPU
		{55B96666-2BBA-43AB-ABF1-1C083FBFCD77}.Release|Any CPU.Build.0 = Release|Any CPU
		{55B96666-2BBA-43AB-ABF1-1C083FBFCD77}.Release|Any CPU.Deploy.0 = Release|Any CPU
		{55B96666-2BBA-43AB-ABF1-1C083FBFCD77}.Release|ARM.ActiveCfg = Release|Any CPU
		{55B96666-2BBA-43AB-ABF1-1C083FBFCD77}.Release|ARM.Build.0 = Release|Any CPU
		{55B96666-2BBA-43AB-ABF1-1C083FBFCD77}.Release|ARM.Deploy.0 = Release|Any CPU
		{55B96666-2BBA-43AB-ABF1-1C083FBFCD77}.Release|iPhone.ActiveCfg = Release|Any CPU
		{55B96666-2BBA-43AB-ABF1-1C083FBFCD77}.Release|iPhone.Build.0 = Release|Any CPU
		{55B96666-2BBA-43AB-ABF1-1C083FBFCD77}.Release|iPhone.Deploy.0 = Release|Any CPU
		{55B96666-2BBA-43AB-ABF1-1C083FBFCD77}.Release|iPhoneSimulator.ActiveCfg = Release|Any CPU
		{55B96666-2BBA-43AB-ABF1-1C083FBFCD77}.Release|iPhoneSimulator.Build.0 = Release|Any CPU
		{55B96666-2BBA-43AB-ABF1-1C083FBFCD77}.Release|iPhoneSimulator.Deploy.0 = Release|Any CPU
		{55B96666-2BBA-43AB-ABF1-1C083FBFCD77}.Release|x64.ActiveCfg = Release|Any CPU
		{55B96666-2BBA-43AB-ABF1-1C083FBFCD77}.Release|x64.Build.0 = Release|Any CPU
		{55B96666-2BBA-43AB-ABF1-1C083FBFCD77}.Release|x64.Deploy.0 = Release|Any CPU
		{55B96666-2BBA-43AB-ABF1-1C083FBFCD77}.Release|x86.ActiveCfg = Release|Any CPU
		{55B96666-2BBA-43AB-ABF1-1C083FBFCD77}.Release|x86.Build.0 = Release|Any CPU
		{55B96666-2BBA-43AB-ABF1-1C083FBFCD77}.Release|x86.Deploy.0 = Release|Any CPU
		{F5967008-1CD4-45DA-9A57-CF90CB3DB018}.Ad-Hoc|Any CPU.ActiveCfg = Ad-Hoc|iPhone
		{F5967008-1CD4-45DA-9A57-CF90CB3DB018}.Ad-Hoc|ARM.ActiveCfg = Ad-Hoc|iPhone
		{F5967008-1CD4-45DA-9A57-CF90CB3DB018}.Ad-Hoc|iPhone.ActiveCfg = Ad-Hoc|iPhone
		{F5967008-1CD4-45DA-9A57-CF90CB3DB018}.Ad-Hoc|iPhone.Build.0 = Ad-Hoc|iPhone
		{F5967008-1CD4-45DA-9A57-CF90CB3DB018}.Ad-Hoc|iPhoneSimulator.ActiveCfg = Ad-Hoc|iPhoneSimulator
		{F5967008-1CD4-45DA-9A57-CF90CB3DB018}.Ad-Hoc|iPhoneSimulator.Build.0 = Ad-Hoc|iPhoneSimulator
		{F5967008-1CD4-45DA-9A57-CF90CB3DB018}.Ad-Hoc|x64.ActiveCfg = Ad-Hoc|iPhone
		{F5967008-1CD4-45DA-9A57-CF90CB3DB018}.Ad-Hoc|x86.ActiveCfg = Ad-Hoc|iPhone
		{F5967008-1CD4-45DA-9A57-CF90CB3DB018}.AppStore|Any CPU.ActiveCfg = AppStore|iPhone
		{F5967008-1CD4-45DA-9A57-CF90CB3DB018}.AppStore|ARM.ActiveCfg = AppStore|iPhone
		{F5967008-1CD4-45DA-9A57-CF90CB3DB018}.AppStore|iPhone.ActiveCfg = AppStore|iPhone
		{F5967008-1CD4-45DA-9A57-CF90CB3DB018}.AppStore|iPhone.Build.0 = AppStore|iPhone
		{F5967008-1CD4-45DA-9A57-CF90CB3DB018}.AppStore|iPhoneSimulator.ActiveCfg = AppStore|iPhoneSimulator
		{F5967008-1CD4-45DA-9A57-CF90CB3DB018}.AppStore|iPhoneSimulator.Build.0 = AppStore|iPhoneSimulator
		{F5967008-1CD4-45DA-9A57-CF90CB3DB018}.AppStore|x64.ActiveCfg = AppStore|iPhone
		{F5967008-1CD4-45DA-9A57-CF90CB3DB018}.AppStore|x86.ActiveCfg = AppStore|iPhone
		{F5967008-1CD4-45DA-9A57-CF90CB3DB018}.Debug|Any CPU.ActiveCfg = Debug|iPhone
		{F5967008-1CD4-45DA-9A57-CF90CB3DB018}.Debug|ARM.ActiveCfg = Debug|iPhone
		{F5967008-1CD4-45DA-9A57-CF90CB3DB018}.Debug|iPhone.ActiveCfg = Debug|iPhone
		{F5967008-1CD4-45DA-9A57-CF90CB3DB018}.Debug|iPhone.Build.0 = Debug|iPhone
		{F5967008-1CD4-45DA-9A57-CF90CB3DB018}.Debug|iPhoneSimulator.ActiveCfg = Debug|iPhoneSimulator
		{F5967008-1CD4-45DA-9A57-CF90CB3DB018}.Debug|iPhoneSimulator.Build.0 = Debug|iPhoneSimulator
		{F5967008-1CD4-45DA-9A57-CF90CB3DB018}.Debug|x64.ActiveCfg = Debug|iPhone
		{F5967008-1CD4-45DA-9A57-CF90CB3DB018}.Debug|x86.ActiveCfg = Debug|iPhone
		{F5967008-1CD4-45DA-9A57-CF90CB3DB018}.Release|Any CPU.ActiveCfg = Release|iPhone
		{F5967008-1CD4-45DA-9A57-CF90CB3DB018}.Release|ARM.ActiveCfg = Release|iPhone
		{F5967008-1CD4-45DA-9A57-CF90CB3DB018}.Release|iPhone.ActiveCfg = Release|iPhone
		{F5967008-1CD4-45DA-9A57-CF90CB3DB018}.Release|iPhone.Build.0 = Release|iPhone
		{F5967008-1CD4-45DA-9A57-CF90CB3DB018}.Release|iPhoneSimulator.ActiveCfg = Release|iPhoneSimulator
		{F5967008-1CD4-45DA-9A57-CF90CB3DB018}.Release|iPhoneSimulator.Build.0 = Release|iPhoneSimulator
		{F5967008-1CD4-45DA-9A57-CF90CB3DB018}.Release|x64.ActiveCfg = Release|iPhone
		{F5967008-1CD4-45DA-9A57-CF90CB3DB018}.Release|x86.ActiveCfg = Release|iPhone
		{8600922F-6117-4717-9D45-DD8F03D4043B}.Ad-Hoc|Any CPU.ActiveCfg = Release|x86
		{8600922F-6117-4717-9D45-DD8F03D4043B}.Ad-Hoc|Any CPU.Build.0 = Release|x86
		{8600922F-6117-4717-9D45-DD8F03D4043B}.Ad-Hoc|Any CPU.Deploy.0 = Release|x86
		{8600922F-6117-4717-9D45-DD8F03D4043B}.Ad-Hoc|ARM.ActiveCfg = Release|ARM
		{8600922F-6117-4717-9D45-DD8F03D4043B}.Ad-Hoc|ARM.Build.0 = Release|ARM
		{8600922F-6117-4717-9D45-DD8F03D4043B}.Ad-Hoc|ARM.Deploy.0 = Release|ARM
		{8600922F-6117-4717-9D45-DD8F03D4043B}.Ad-Hoc|iPhone.ActiveCfg = Release|x86
		{8600922F-6117-4717-9D45-DD8F03D4043B}.Ad-Hoc|iPhone.Build.0 = Release|x86
		{8600922F-6117-4717-9D45-DD8F03D4043B}.Ad-Hoc|iPhone.Deploy.0 = Release|x86
		{8600922F-6117-4717-9D45-DD8F03D4043B}.Ad-Hoc|iPhoneSimulator.ActiveCfg = Release|x86
		{8600922F-6117-4717-9D45-DD8F03D4043B}.Ad-Hoc|iPhoneSimulator.Build.0 = Release|x86
		{8600922F-6117-4717-9D45-DD8F03D4043B}.Ad-Hoc|iPhoneSimulator.Deploy.0 = Release|x86
		{8600922F-6117-4717-9D45-DD8F03D4043B}.Ad-Hoc|x64.ActiveCfg = Release|x64
		{8600922F-6117-4717-9D45-DD8F03D4043B}.Ad-Hoc|x64.Build.0 = Release|x64
		{8600922F-6117-4717-9D45-DD8F03D4043B}.Ad-Hoc|x64.Deploy.0 = Release|x64
		{8600922F-6117-4717-9D45-DD8F03D4043B}.Ad-Hoc|x86.ActiveCfg = Release|x86
		{8600922F-6117-4717-9D45-DD8F03D4043B}.Ad-Hoc|x86.Build.0 = Release|x86
		{8600922F-6117-4717-9D45-DD8F03D4043B}.Ad-Hoc|x86.Deploy.0 = Release|x86
		{8600922F-6117-4717-9D45-DD8F03D4043B}.AppStore|Any CPU.ActiveCfg = Release|x86
		{8600922F-6117-4717-9D45-DD8F03D4043B}.AppStore|Any CPU.Build.0 = Release|x86
		{8600922F-6117-4717-9D45-DD8F03D4043B}.AppStore|Any CPU.Deploy.0 = Release|x86
		{8600922F-6117-4717-9D45-DD8F03D4043B}.AppStore|ARM.ActiveCfg = Release|ARM
		{8600922F-6117-4717-9D45-DD8F03D4043B}.AppStore|ARM.Build.0 = Release|ARM
		{8600922F-6117-4717-9D45-DD8F03D4043B}.AppStore|ARM.Deploy.0 = Release|ARM
		{8600922F-6117-4717-9D45-DD8F03D4043B}.AppStore|iPhone.ActiveCfg = Release|x86
		{8600922F-6117-4717-9D45-DD8F03D4043B}.AppStore|iPhone.Build.0 = Release|x86
		{8600922F-6117-4717-9D45-DD8F03D4043B}.AppStore|iPhone.Deploy.0 = Release|x86
		{8600922F-6117-4717-9D45-DD8F03D4043B}.AppStore|iPhoneSimulator.ActiveCfg = Release|x86
		{8600922F-6117-4717-9D45-DD8F03D4043B}.AppStore|iPhoneSimulator.Build.0 = Release|x86
		{8600922F-6117-4717-9D45-DD8F03D4043B}.AppStore|iPhoneSimulator.Deploy.0 = Release|x86
		{8600922F-6117-4717-9D45-DD8F03D4043B}.AppStore|x64.ActiveCfg = Release|x64
		{8600922F-6117-4717-9D45-DD8F03D4043B}.AppStore|x64.Build.0 = Release|x64
		{8600922F-6117-4717-9D45-DD8F03D4043B}.AppStore|x64.Deploy.0 = Release|x64
		{8600922F-6117-4717-9D45-DD8F03D4043B}.AppStore|x86.ActiveCfg = Release|x86
		{8600922F-6117-4717-9D45-DD8F03D4043B}.AppStore|x86.Build.0 = Release|x86
		{8600922F-6117-4717-9D45-DD8F03D4043B}.AppStore|x86.Deploy.0 = Release|x86
		{8600922F-6117-4717-9D45-DD8F03D4043B}.Debug|Any CPU.ActiveCfg = Debug|x86
		{8600922F-6117-4717-9D45-DD8F03D4043B}.Debug|ARM.ActiveCfg = Debug|ARM
		{8600922F-6117-4717-9D45-DD8F03D4043B}.Debug|ARM.Build.0 = Debug|ARM
		{8600922F-6117-4717-9D45-DD8F03D4043B}.Debug|ARM.Deploy.0 = Debug|ARM
		{8600922F-6117-4717-9D45-DD8F03D4043B}.Debug|iPhone.ActiveCfg = Debug|x86
		{8600922F-6117-4717-9D45-DD8F03D4043B}.Debug|iPhoneSimulator.ActiveCfg = Debug|x86
		{8600922F-6117-4717-9D45-DD8F03D4043B}.Debug|x64.ActiveCfg = Debug|x64
		{8600922F-6117-4717-9D45-DD8F03D4043B}.Debug|x64.Build.0 = Debug|x64
		{8600922F-6117-4717-9D45-DD8F03D4043B}.Debug|x64.Deploy.0 = Debug|x64
		{8600922F-6117-4717-9D45-DD8F03D4043B}.Debug|x86.ActiveCfg = Debug|x86
		{8600922F-6117-4717-9D45-DD8F03D4043B}.Debug|x86.Build.0 = Debug|x86
		{8600922F-6117-4717-9D45-DD8F03D4043B}.Debug|x86.Deploy.0 = Debug|x86
		{8600922F-6117-4717-9D45-DD8F03D4043B}.Release|Any CPU.ActiveCfg = Release|x86
		{8600922F-6117-4717-9D45-DD8F03D4043B}.Release|ARM.ActiveCfg = Release|ARM
		{8600922F-6117-4717-9D45-DD8F03D4043B}.Release|ARM.Build.0 = Release|ARM
		{8600922F-6117-4717-9D45-DD8F03D4043B}.Release|ARM.Deploy.0 = Release|ARM
		{8600922F-6117-4717-9D45-DD8F03D4043B}.Release|iPhone.ActiveCfg = Release|x86
		{8600922F-6117-4717-9D45-DD8F03D4043B}.Release|iPhoneSimulator.ActiveCfg = Release|x86
		{8600922F-6117-4717-9D45-DD8F03D4043B}.Release|x64.ActiveCfg = Release|x64
		{8600922F-6117-4717-9D45-DD8F03D4043B}.Release|x64.Build.0 = Release|x64
		{8600922F-6117-4717-9D45-DD8F03D4043B}.Release|x64.Deploy.0 = Release|x64
		{8600922F-6117-4717-9D45-DD8F03D4043B}.Release|x86.ActiveCfg = Release|x86
		{8600922F-6117-4717-9D45-DD8F03D4043B}.Release|x86.Build.0 = Release|x86
		{8600922F-6117-4717-9D45-DD8F03D4043B}.Release|x86.Deploy.0 = Release|x86
		{28A1542D-5FBD-4544-A1DF-C3BC4F089055}.Ad-Hoc|Any CPU.ActiveCfg = Debug|Any CPU
		{28A1542D-5FBD-4544-A1DF-C3BC4F089055}.Ad-Hoc|Any CPU.Build.0 = Debug|Any CPU
		{28A1542D-5FBD-4544-A1DF-C3BC4F089055}.Ad-Hoc|ARM.ActiveCfg = Debug|Any CPU
		{28A1542D-5FBD-4544-A1DF-C3BC4F089055}.Ad-Hoc|ARM.Build.0 = Debug|Any CPU
		{28A1542D-5FBD-4544-A1DF-C3BC4F089055}.Ad-Hoc|iPhone.ActiveCfg = Debug|Any CPU
		{28A1542D-5FBD-4544-A1DF-C3BC4F089055}.Ad-Hoc|iPhone.Build.0 = Debug|Any CPU
		{28A1542D-5FBD-4544-A1DF-C3BC4F089055}.Ad-Hoc|iPhoneSimulator.ActiveCfg = Debug|Any CPU
		{28A1542D-5FBD-4544-A1DF-C3BC4F089055}.Ad-Hoc|iPhoneSimulator.Build.0 = Debug|Any CPU
		{28A1542D-5FBD-4544-A1DF-C3BC4F089055}.Ad-Hoc|x64.ActiveCfg = Debug|Any CPU
		{28A1542D-5FBD-4544-A1DF-C3BC4F089055}.Ad-Hoc|x64.Build.0 = Debug|Any CPU
		{28A1542D-5FBD-4544-A1DF-C3BC4F089055}.Ad-Hoc|x86.ActiveCfg = Debug|Any CPU
		{28A1542D-5FBD-4544-A1DF-C3BC4F089055}.Ad-Hoc|x86.Build.0 = Debug|Any CPU
		{28A1542D-5FBD-4544-A1DF-C3BC4F089055}.AppStore|Any CPU.ActiveCfg = Debug|Any CPU
		{28A1542D-5FBD-4544-A1DF-C3BC4F089055}.AppStore|Any CPU.Build.0 = Debug|Any CPU
		{28A1542D-5FBD-4544-A1DF-C3BC4F089055}.AppStore|ARM.ActiveCfg = Debug|Any CPU
		{28A1542D-5FBD-4544-A1DF-C3BC4F089055}.AppStore|ARM.Build.0 = Debug|Any CPU
		{28A1542D-5FBD-4544-A1DF-C3BC4F089055}.AppStore|iPhone.ActiveCfg = Debug|Any CPU
		{28A1542D-5FBD-4544-A1DF-C3BC4F089055}.AppStore|iPhone.Build.0 = Debug|Any CPU
		{28A1542D-5FBD-4544-A1DF-C3BC4F089055}.AppStore|iPhoneSimulator.ActiveCfg = Debug|Any CPU
		{28A1542D-5FBD-4544-A1DF-C3BC4F089055}.AppStore|iPhoneSimulator.Build.0 = Debug|Any CPU
		{28A1542D-5FBD-4544-A1DF-C3BC4F089055}.AppStore|x64.ActiveCfg = Debug|Any CPU
		{28A1542D-5FBD-4544-A1DF-C3BC4F089055}.AppStore|x64.Build.0 = Debug|Any CPU
		{28A1542D-5FBD-4544-A1DF-C3BC4F089055}.AppStore|x86.ActiveCfg = Debug|Any CPU
		{28A1542D-5FBD-4544-A1DF-C3BC4F089055}.AppStore|x86.Build.0 = Debug|Any CPU
		{28A1542D-5FBD-4544-A1DF-C3BC4F089055}.Debug|Any CPU.ActiveCfg = Debug|Any CPU
		{28A1542D-5FBD-4544-A1DF-C3BC4F089055}.Debug|Any CPU.Build.0 = Debug|Any CPU
		{28A1542D-5FBD-4544-A1DF-C3BC4F089055}.Debug|ARM.ActiveCfg = Debug|Any CPU
		{28A1542D-5FBD-4544-A1DF-C3BC4F089055}.Debug|ARM.Build.0 = Debug|Any CPU
		{28A1542D-5FBD-4544-A1DF-C3BC4F089055}.Debug|iPhone.ActiveCfg = Debug|Any CPU
		{28A1542D-5FBD-4544-A1DF-C3BC4F089055}.Debug|iPhone.Build.0 = Debug|Any CPU
		{28A1542D-5FBD-4544-A1DF-C3BC4F089055}.Debug|iPhoneSimulator.ActiveCfg = Debug|Any CPU
		{28A1542D-5FBD-4544-A1DF-C3BC4F089055}.Debug|iPhoneSimulator.Build.0 = Debug|Any CPU
		{28A1542D-5FBD-4544-A1DF-C3BC4F089055}.Debug|x64.ActiveCfg = Debug|Any CPU
		{28A1542D-5FBD-4544-A1DF-C3BC4F089055}.Debug|x64.Build.0 = Debug|Any CPU
		{28A1542D-5FBD-4544-A1DF-C3BC4F089055}.Debug|x86.ActiveCfg = Debug|Any CPU
		{28A1542D-5FBD-4544-A1DF-C3BC4F089055}.Debug|x86.Build.0 = Debug|Any CPU
		{28A1542D-5FBD-4544-A1DF-C3BC4F089055}.Release|Any CPU.ActiveCfg = Release|Any CPU
		{28A1542D-5FBD-4544-A1DF-C3BC4F089055}.Release|Any CPU.Build.0 = Release|Any CPU
		{28A1542D-5FBD-4544-A1DF-C3BC4F089055}.Release|ARM.ActiveCfg = Release|Any CPU
		{28A1542D-5FBD-4544-A1DF-C3BC4F089055}.Release|ARM.Build.0 = Release|Any CPU
		{28A1542D-5FBD-4544-A1DF-C3BC4F089055}.Release|iPhone.ActiveCfg = Release|Any CPU
		{28A1542D-5FBD-4544-A1DF-C3BC4F089055}.Release|iPhone.Build.0 = Release|Any CPU
		{28A1542D-5FBD-4544-A1DF-C3BC4F089055}.Release|iPhoneSimulator.ActiveCfg = Release|Any CPU
		{28A1542D-5FBD-4544-A1DF-C3BC4F089055}.Release|iPhoneSimulator.Build.0 = Release|Any CPU
		{28A1542D-5FBD-4544-A1DF-C3BC4F089055}.Release|x64.ActiveCfg = Release|Any CPU
		{28A1542D-5FBD-4544-A1DF-C3BC4F089055}.Release|x64.Build.0 = Release|Any CPU
		{28A1542D-5FBD-4544-A1DF-C3BC4F089055}.Release|x86.ActiveCfg = Release|Any CPU
		{28A1542D-5FBD-4544-A1DF-C3BC4F089055}.Release|x86.Build.0 = Release|Any CPU
	EndGlobalSection
	GlobalSection(SolutionProperties) = preSolution
		HideSolutionNode = FALSE
	EndGlobalSection
	GlobalSection(ExtensibilityGlobals) = postSolution
		SolutionGuid = {5B711185-5B47-4719-B2FF-1EFAA3530837}
	EndGlobalSection
EndGlobal
